
Microsoft Visual Studio Solution File, Format Version 12.00
# Visual Studio Version 17
VisualStudioVersion = 17.4.33205.214
MinimumVisualStudioVersion = 10.0.40219.1
Project("{FAE04EC0-301F-11D3-BF4B-00C04F79EFBC}") = "PoC Kliensapp", "PoC Kliensapp\PoC Kliensapp.csproj", "{DA8FC4EA-AC2A-46DB-AF5A-79B9F21F9535}"
EndProject
Project("{FAE04EC0-301F-11D3-BF4B-00C04F79EFBC}") = "UnitTestProject2", "UnitTestProject2\UnitTestProject2.csproj", "{1E261BF3-EA32-4161-8FCD-8F40192F3787}"
EndProject
Global
	GlobalSection(SolutionConfigurationPlatforms) = preSolution
		Debug|Any CPU = Debug|Any CPU
		Release|Any CPU = Release|Any CPU
	EndGlobalSection
	GlobalSection(ProjectConfigurationPlatforms) = postSolution
		{DA8FC4EA-AC2A-46DB-AF5A-79B9F21F9535}.Debug|Any CPU.ActiveCfg = Debug|Any CPU
		{DA8FC4EA-AC2A-46DB-AF5A-79B9F21F9535}.Debug|Any CPU.Build.0 = Debug|Any CPU
		{DA8FC4EA-AC2A-46DB-AF5A-79B9F21F9535}.Release|Any CPU.ActiveCfg = Release|Any CPU
		{DA8FC4EA-AC2A-46DB-AF5A-79B9F21F9535}.Release|Any CPU.Build.0 = Release|Any CPU
		{1E261BF3-EA32-4161-8FCD-8F40192F3787}.Debug|Any CPU.ActiveCfg = Debug|Any CPU
		{1E261BF3-EA32-4161-8FCD-8F40192F3787}.Debug|Any CPU.Build.0 = Debug|Any CPU
		{1E261BF3-EA32-4161-8FCD-8F40192F3787}.Release|Any CPU.ActiveCfg = Release|Any CPU
		{1E261BF3-EA32-4161-8FCD-8F40192F3787}.Release|Any CPU.Build.0 = Release|Any CPU
	EndGlobalSection
	GlobalSection(SolutionProperties) = preSolution
		HideSolutionNode = FALSE
	EndGlobalSection
	GlobalSection(ExtensibilityGlobals) = postSolution
		SolutionGuid = {D29FAD2C-064B-4019-84CF-C04FAD5489AA}
	EndGlobalSection
EndGlobal
